{
  "originHash" : "e82ddf3c8b522cc05bade3671257a5decc3d2380201dd2fcac50426085dcec30",
  "pins" : [
    {
      "identity" : "swift-snapshot-testing",
      "kind" : "remoteSourceControl",
      "location" : "https://github.com/pointfreeco/swift-snapshot-testing.git",
      "state" : {
        "revision" : "e883fc9ea51e76dc9ed13fd4a92b0ee258a1e8c9",
        "version" : "1.17.3"
      }
    },
    {
      "identity" : "swift-syntax",
      "kind" : "remoteSourceControl",
      "location" : "https://github.com/swiftlang/swift-syntax",
      "state" : {
        "revision" : "fa8f95c2d536d6620cc2f504ebe8a6167c9fc2dd",
        "version" : "510.0.1"
      }
    }
  ],
  "version" : 3
}
