{
  "originHash" : "ad78593b472bc4772b7ec8a0b780098c3598cbbd5afa4ddfde6797a6720a71f8",
  "pins" : [
    {
      "identity" : "swift-snapshot-testing",
      "kind" : "remoteSourceControl",
      "location" : "https://github.com/pointfreeco/swift-snapshot-testing.git",
      "state" : {
        "revision" : "6d932a79e7173b275b96c600c86c603cf84f153c",
        "version" : "1.17.4"
      }
    },
    {
      "identity" : "swift-syntax",
      "kind" : "remoteSourceControl",
      "location" : "https://github.com/swiftlang/swift-syntax",
      "state" : {
        "revision" : "06b5cdc432e93b60e3bdf53aff2857c6b312991a",
        "version" : "600.0.0-prerelease-2024-07-30"
      }
    }
  ],
  "version" : 3
}
